
Microsoft Visual Studio Solution File, Format Version 12.00
# Visual Studio 15
VisualStudioVersion = 15.0.26430.12
MinimumVisualStudioVersion = 10.0.40219.1
Project("{FAE04EC0-301F-11D3-BF4B-00C04F79EFBC}") = "FileFinder.Lib", "FileFinder.Lib\FileFinder.Lib.csproj", "{A96D26F9-0267-4180-BC45-DD43875BEC41}"
EndProject
Project("{FAE04EC0-301F-11D3-BF4B-00C04F79EFBC}") = "FileFinder.UI.Windows", "FileFinder.UI.Windows\FileFinder.UI.Windows.csproj", "{6A80EF18-30D0-4C3D-AA92-08CE37ADBF2D}"
EndProject
Project("{FAE04EC0-301F-11D3-BF4B-00C04F79EFBC}") = "FileFinder.UI.Web", "FileFinder.UI.Web\FileFinder.UI.Web.csproj", "{D65704E5-8EC5-45CC-9636-4DE233572702}"
EndProject
Global
	GlobalSection(SolutionConfigurationPlatforms) = preSolution
		Debug|Any CPU = Debug|Any CPU
		Release|Any CPU = Release|Any CPU
	EndGlobalSection
	GlobalSection(ProjectConfigurationPlatforms) = postSolution
		{A96D26F9-0267-4180-BC45-DD43875BEC41}.Debug|Any CPU.ActiveCfg = Debug|Any CPU
		{A96D26F9-0267-4180-BC45-DD43875BEC41}.Debug|Any CPU.Build.0 = Debug|Any CPU
		{A96D26F9-0267-4180-BC45-DD43875BEC41}.Release|Any CPU.ActiveCfg = Release|Any CPU
		{A96D26F9-0267-4180-BC45-DD43875BEC41}.Release|Any CPU.Build.0 = Release|Any CPU
		{6A80EF18-30D0-4C3D-AA92-08CE37ADBF2D}.Debug|Any CPU.ActiveCfg = Debug|Any CPU
		{6A80EF18-30D0-4C3D-AA92-08CE37ADBF2D}.Debug|Any CPU.Build.0 = Debug|Any CPU
		{6A80EF18-30D0-4C3D-AA92-08CE37ADBF2D}.Release|Any CPU.ActiveCfg = Release|Any CPU
		{6A80EF18-30D0-4C3D-AA92-08CE37ADBF2D}.Release|Any CPU.Build.0 = Release|Any CPU
		{D65704E5-8EC5-45CC-9636-4DE233572702}.Debug|Any CPU.ActiveCfg = Debug|Any CPU
		{D65704E5-8EC5-45CC-9636-4DE233572702}.Debug|Any CPU.Build.0 = Debug|Any CPU
		{D65704E5-8EC5-45CC-9636-4DE233572702}.Release|Any CPU.ActiveCfg = Release|Any CPU
		{D65704E5-8EC5-45CC-9636-4DE233572702}.Release|Any CPU.Build.0 = Release|Any CPU
	EndGlobalSection
	GlobalSection(SolutionProperties) = preSolution
		HideSolutionNode = FALSE
	EndGlobalSection
EndGlobal
